
Microsoft Visual Studio Solution File, Format Version 12.00
# Visual Studio Version 17
VisualStudioVersion = 17.13.35806.99 d17.13
MinimumVisualStudioVersion = 10.0.40219.1
Project("{FAE04EC0-301F-11D3-BF4B-00C04F79EFBC}") = "Assignment2", "Assignment2\Assignment2.csproj", "{5EAC7030-EFBD-4AD9-A564-C2D7B77C491D}"
EndProject
Global
	GlobalSection(SolutionConfigurationPlatforms) = preSolution
		Debug|Any CPU = Debug|Any CPU
		Release|Any CPU = Release|Any CPU
	EndGlobalSection
	GlobalSection(ProjectConfigurationPlatforms) = postSolution
		{5EAC7030-EFBD-4AD9-A564-C2D7B77C491D}.Debug|Any CPU.ActiveCfg = Debug|Any CPU
		{5EAC7030-EFBD-4AD9-A564-C2D7B77C491D}.Debug|Any CPU.Build.0 = Debug|Any CPU
		{5EAC7030-EFBD-4AD9-A564-C2D7B77C491D}.Release|Any CPU.ActiveCfg = Release|Any CPU
		{5EAC7030-EFBD-4AD9-A564-C2D7B77C491D}.Release|Any CPU.Build.0 = Release|Any CPU
	EndGlobalSection
	GlobalSection(SolutionProperties) = preSolution
		HideSolutionNode = FALSE
	EndGlobalSection
	GlobalSection(ExtensibilityGlobals) = postSolution
		SolutionGuid = {006041B4-4AB7-4E39-9400-507016A7FE0E}
	EndGlobalSection
EndGlobal
